
Microsoft Visual Studio Solution File, Format Version 12.00
# Visual Studio Version 16
VisualStudioVersion = 16.0.29926.136
MinimumVisualStudioVersion = 10.0.40219.1
Project("{FAE04EC0-301F-11D3-BF4B-00C04F79EFBC}") = "WindowsFormsApp1", "WindowsFormsApp1\WindowsFormsApp1.csproj", "{0A3CADF3-FA11-4E4F-9C7E-1836E71ABA12}"
EndProject
Project("{54435603-DBB4-11D2-8724-00A0C9A8B90C}") = "Setup7", "Setup7\Setup7.vdproj", "{BAC2B737-D7AF-4CF8-8A6E-0D7324EB321B}"
EndProject
Global
	GlobalSection(SolutionConfigurationPlatforms) = preSolution
		Debug|Any CPU = Debug|Any CPU
		Debug|ARM = Debug|ARM
		Debug|ARM64 = Debug|ARM64
		Debug|x64 = Debug|x64
		Debug|x86 = Debug|x86
		Release|Any CPU = Release|Any CPU
		Release|ARM = Release|ARM
		Release|ARM64 = Release|ARM64
		Release|x64 = Release|x64
		Release|x86 = Release|x86
	EndGlobalSection
	GlobalSection(ProjectConfigurationPlatforms) = postSolution
		{0A3CADF3-FA11-4E4F-9C7E-1836E71ABA12}.Debug|Any CPU.ActiveCfg = Debug|Any CPU
		{0A3CADF3-FA11-4E4F-9C7E-1836E71ABA12}.Debug|Any CPU.Build.0 = Debug|Any CPU
		{0A3CADF3-FA11-4E4F-9C7E-1836E71ABA12}.Debug|ARM.ActiveCfg = Debug|Any CPU
		{0A3CADF3-FA11-4E4F-9C7E-1836E71ABA12}.Debug|ARM.Build.0 = Debug|Any CPU
		{0A3CADF3-FA11-4E4F-9C7E-1836E71ABA12}.Debug|ARM64.ActiveCfg = Debug|Any CPU
		{0A3CADF3-FA11-4E4F-9C7E-1836E71ABA12}.Debug|ARM64.Build.0 = Debug|Any CPU
		{0A3CADF3-FA11-4E4F-9C7E-1836E71ABA12}.Debug|x64.ActiveCfg = Debug|x64
		{0A3CADF3-FA11-4E4F-9C7E-1836E71ABA12}.Debug|x64.Build.0 = Debug|x64
		{0A3CADF3-FA11-4E4F-9C7E-1836E71ABA12}.Debug|x86.ActiveCfg = Debug|Any CPU
		{0A3CADF3-FA11-4E4F-9C7E-1836E71ABA12}.Debug|x86.Build.0 = Debug|Any CPU
		{0A3CADF3-FA11-4E4F-9C7E-1836E71ABA12}.Release|Any CPU.ActiveCfg = Release|Any CPU
		{0A3CADF3-FA11-4E4F-9C7E-1836E71ABA12}.Release|Any CPU.Build.0 = Release|Any CPU
		{0A3CADF3-FA11-4E4F-9C7E-1836E71ABA12}.Release|ARM.ActiveCfg = Release|Any CPU
		{0A3CADF3-FA11-4E4F-9C7E-1836E71ABA12}.Release|ARM.Build.0 = Release|Any CPU
		{0A3CADF3-FA11-4E4F-9C7E-1836E71ABA12}.Release|ARM64.ActiveCfg = Release|Any CPU
		{0A3CADF3-FA11-4E4F-9C7E-1836E71ABA12}.Release|ARM64.Build.0 = Release|Any CPU
		{0A3CADF3-FA11-4E4F-9C7E-1836E71ABA12}.Release|x64.ActiveCfg = Release|x64
		{0A3CADF3-FA11-4E4F-9C7E-1836E71ABA12}.Release|x64.Build.0 = Release|x64
		{0A3CADF3-FA11-4E4F-9C7E-1836E71ABA12}.Release|x86.ActiveCfg = Release|Any CPU
		{0A3CADF3-FA11-4E4F-9C7E-1836E71ABA12}.Release|x86.Build.0 = Release|Any CPU
		{BAC2B737-D7AF-4CF8-8A6E-0D7324EB321B}.Debug|Any CPU.ActiveCfg = Debug
		{BAC2B737-D7AF-4CF8-8A6E-0D7324EB321B}.Debug|ARM.ActiveCfg = Debug
		{BAC2B737-D7AF-4CF8-8A6E-0D7324EB321B}.Debug|ARM64.ActiveCfg = Debug
		{BAC2B737-D7AF-4CF8-8A6E-0D7324EB321B}.Debug|x64.ActiveCfg = Debug
		{BAC2B737-D7AF-4CF8-8A6E-0D7324EB321B}.Debug|x86.ActiveCfg = Debug
		{BAC2B737-D7AF-4CF8-8A6E-0D7324EB321B}.Release|Any CPU.ActiveCfg = Release
		{BAC2B737-D7AF-4CF8-8A6E-0D7324EB321B}.Release|ARM.ActiveCfg = Release
		{BAC2B737-D7AF-4CF8-8A6E-0D7324EB321B}.Release|ARM64.ActiveCfg = Release
		{BAC2B737-D7AF-4CF8-8A6E-0D7324EB321B}.Release|x64.ActiveCfg = Release
		{BAC2B737-D7AF-4CF8-8A6E-0D7324EB321B}.Release|x86.ActiveCfg = Release
	EndGlobalSection
	GlobalSection(SolutionProperties) = preSolution
		HideSolutionNode = FALSE
	EndGlobalSection
	GlobalSection(ExtensibilityGlobals) = postSolution
		SolutionGuid = {8CE4698A-3F9D-4456-A3CB-ABCAEF802A1B}
	EndGlobalSection
EndGlobal
